{
  "name": "beb-05-bito",
  "version": "1.0.0",
  "lockfileVersion": 2,
  "requires": true,
  "packages": {
    "": {
      "name": "beb-05-bito",
      "version": "1.0.0",
      "license": "ISC",
      "dependencies": {
        "@openzeppelin/contracts": "^4.7.3",
        "openzeppelin-solidity": "4.6.0"
      }
    },
    "node_modules/@openzeppelin/contracts": {
      "version": "4.7.3",
      "resolved": "https://registry.npmjs.org/@openzeppelin/contracts/-/contracts-4.7.3.tgz",
      "integrity": "sha512-dGRS0agJzu8ybo44pCIf3xBaPQN/65AIXNgK8+4gzKd5kbvlqyxryUYVLJv7fK98Seyd2hDZzVEHSWAh0Bt1Yw=="
    },
    "node_modules/openzeppelin-solidity": {
      "version": "4.6.0",
      "resolved": "https://registry.npmjs.org/openzeppelin-solidity/-/openzeppelin-solidity-4.6.0.tgz",
      "integrity": "sha512-Os4FUzc5V+4U2lpFyJA0kWh5fy3AZhYgS8CmB3Db4c4NGd3SsjFzuvWjBybn7NA4KZG7Gf6Lb7BdS8Cxb8Adtw==",
      "deprecated": "This package is now published as @openzeppelin/contracts. Please change your dependency.",
      "bin": {
        "openzeppelin-contracts-migrate-imports": "scripts/migrate-imports.js"
      }
    }
  },
  "dependencies": {
    "@openzeppelin/contracts": {
      "version": "4.7.3",
      "resolved": "https://registry.npmjs.org/@openzeppelin/contracts/-/contracts-4.7.3.tgz",
      "integrity": "sha512-dGRS0agJzu8ybo44pCIf3xBaPQN/65AIXNgK8+4gzKd5kbvlqyxryUYVLJv7fK98Seyd2hDZzVEHSWAh0Bt1Yw=="
    },
    "openzeppelin-solidity": {
      "version": "4.6.0",
      "resolved": "https://registry.npmjs.org/openzeppelin-solidity/-/openzeppelin-solidity-4.6.0.tgz",
      "integrity": "sha512-Os4FUzc5V+4U2lpFyJA0kWh5fy3AZhYgS8CmB3Db4c4NGd3SsjFzuvWjBybn7NA4KZG7Gf6Lb7BdS8Cxb8Adtw=="
    }
  }
}
